
Microsoft Visual Studio Solution File, Format Version 12.00
# Visual Studio Version 17
VisualStudioVersion = 17.13.35825.156 d17.13
MinimumVisualStudioVersion = 10.0.40219.1
Project("{FAE04EC0-301F-11D3-BF4B-00C04F79EFBC}") = "FamilyTree", "FamilyTree\FamilyTree.csproj", "{F6093E61-01AC-4883-8A45-BF9854D1D24A}"
EndProject
Global
	GlobalSection(SolutionConfigurationPlatforms) = preSolution
		Debug|Any CPU = Debug|Any CPU
		Release|Any CPU = Release|Any CPU
	EndGlobalSection
	GlobalSection(ProjectConfigurationPlatforms) = postSolution
		{F6093E61-01AC-4883-8A45-BF9854D1D24A}.Debug|Any CPU.ActiveCfg = Debug|Any CPU
		{F6093E61-01AC-4883-8A45-BF9854D1D24A}.Debug|Any CPU.Build.0 = Debug|Any CPU
		{F6093E61-01AC-4883-8A45-BF9854D1D24A}.Release|Any CPU.ActiveCfg = Release|Any CPU
		{F6093E61-01AC-4883-8A45-BF9854D1D24A}.Release|Any CPU.Build.0 = Release|Any CPU
	EndGlobalSection
	GlobalSection(SolutionProperties) = preSolution
		HideSolutionNode = FALSE
	EndGlobalSection
	GlobalSection(ExtensibilityGlobals) = postSolution
		SolutionGuid = {46BC1CDC-1A76-47D1-902B-4F70155AE490}
	EndGlobalSection
EndGlobal
